
Microsoft Visual Studio Solution File, Format Version 12.00
# Visual Studio 14
VisualStudioVersion = 14.0.25420.1
MinimumVisualStudioVersion = 10.0.40219.1
Project("{FAE04EC0-301F-11D3-BF4B-00C04F79EFBC}") = "EFCoreFullFramework.Library", "EFCoreFullFramework.Library\EFCoreFullFramework.Library.csproj", "{8FE2D03E-D90B-4064-B345-62C416D37D29}"
EndProject
Project("{FAE04EC0-301F-11D3-BF4B-00C04F79EFBC}") = "EFCoreFullFramework.Console", "EFCoreFullFramework.Console\EFCoreFullFramework.Console.csproj", "{A08006DB-ED63-48A9-A3F4-10562D49FAD1}"
EndProject
Global
	GlobalSection(SolutionConfigurationPlatforms) = preSolution
		Debug|Any CPU = Debug|Any CPU
		Release|Any CPU = Release|Any CPU
	EndGlobalSection
	GlobalSection(ProjectConfigurationPlatforms) = postSolution
		{8FE2D03E-D90B-4064-B345-62C416D37D29}.Debug|Any CPU.ActiveCfg = Debug|Any CPU
		{8FE2D03E-D90B-4064-B345-62C416D37D29}.Debug|Any CPU.Build.0 = Debug|Any CPU
		{8FE2D03E-D90B-4064-B345-62C416D37D29}.Release|Any CPU.ActiveCfg = Release|Any CPU
		{8FE2D03E-D90B-4064-B345-62C416D37D29}.Release|Any CPU.Build.0 = Release|Any CPU
		{A08006DB-ED63-48A9-A3F4-10562D49FAD1}.Debug|Any CPU.ActiveCfg = Debug|Any CPU
		{A08006DB-ED63-48A9-A3F4-10562D49FAD1}.Debug|Any CPU.Build.0 = Debug|Any CPU
		{A08006DB-ED63-48A9-A3F4-10562D49FAD1}.Release|Any CPU.ActiveCfg = Release|Any CPU
		{A08006DB-ED63-48A9-A3F4-10562D49FAD1}.Release|Any CPU.Build.0 = Release|Any CPU
	EndGlobalSection
	GlobalSection(SolutionProperties) = preSolution
		HideSolutionNode = FALSE
	EndGlobalSection
EndGlobal
